
Microsoft Visual Studio Solution File, Format Version 12.00
# Visual Studio Version 17
VisualStudioVersion = 17.0.31903.59
MinimumVisualStudioVersion = 10.0.40219.1
Project("{9A19103F-16F7-4668-BE54-9A1E7A4F7556}") = "Material3.WinForms", "src\Material3.WinForms\Material3.WinForms.csproj", "{B5E0D6A1-7C44-4A3B-9D2E-3F8A1C5B9E01}"
EndProject
Project("{9A19103F-16F7-4668-BE54-9A1E7A4F7556}") = "Material3.WinForms.Tests", "tests\Material3.WinForms.Tests\Material3.WinForms.Tests.csproj", "{B5E0D6A1-7C44-4A3B-9D2E-3F8A1C5B9E03}"
EndProject
Project("{2150E333-8FDC-42A3-9474-1A3956D46DE8}") = "src", "src", "{827E0CD3-B72D-47B6-A68D-7590B98EB39B}"
EndProject
Project("{FAE04EC0-301F-11D3-BF4B-00C04F79EFBC}") = "Material3.Core", "src\Material3.Core\Material3.Core.csproj", "{37903F97-436B-4692-A8EA-23DA711462B3}"
EndProject
Project("{FAE04EC0-301F-11D3-BF4B-00C04F79EFBC}") = "Material3.Wpf", "src\Material3.Wpf\Material3.Wpf.csproj", "{E75C71E2-E0B8-449D-AB52-3995BDBA9FB3}"
EndProject
Project("{2150E333-8FDC-42A3-9474-1A3956D46DE8}") = "samples", "samples", "{5D20AA90-6969-D8BD-9DCD-8634F4692FDA}"
EndProject
Project("{FAE04EC0-301F-11D3-BF4B-00C04F79EFBC}") = "Material3.Wpf.Gallery", "samples\Material3.Wpf.Gallery\Material3.Wpf.Gallery.csproj", "{7964567A-8E63-47F1-BC1C-1273AE673612}"
EndProject
Project("{FAE04EC0-301F-11D3-BF4B-00C04F79EFBC}") = "Material3.WinForms.Gallery", "samples\Material3.WinForms.Gallery\Material3.WinForms.Gallery.csproj", "{AE472CEA-E8F4-45FC-A13B-6A52EDFAAFC1}"
EndProject
Project("{2150E333-8FDC-42A3-9474-1A3956D46DE8}") = "tests", "tests", "{0AB3BF05-4346-4AA6-1389-037BE0695223}"
EndProject
Project("{FAE04EC0-301F-11D3-BF4B-00C04F79EFBC}") = "Material3.Wpf.Tests", "tests\Material3.Wpf.Tests\Material3.Wpf.Tests.csproj", "{8444A98F-9B9D-4D36-9A2F-1A11E899D57E}"
EndProject
Global
	GlobalSection(SolutionConfigurationPlatforms) = preSolution
		Debug|Any CPU = Debug|Any CPU
		Debug|x64 = Debug|x64
		Debug|x86 = Debug|x86
		Release|Any CPU = Release|Any CPU
		Release|x64 = Release|x64
		Release|x86 = Release|x86
	EndGlobalSection
	GlobalSection(ProjectConfigurationPlatforms) = postSolution
		{B5E0D6A1-7C44-4A3B-9D2E-3F8A1C5B9E01}.Debug|Any CPU.ActiveCfg = Debug|Any CPU
		{B5E0D6A1-7C44-4A3B-9D2E-3F8A1C5B9E01}.Debug|Any CPU.Build.0 = Debug|Any CPU
		{B5E0D6A1-7C44-4A3B-9D2E-3F8A1C5B9E01}.Debug|x64.ActiveCfg = Debug|Any CPU
		{B5E0D6A1-7C44-4A3B-9D2E-3F8A1C5B9E01}.Debug|x64.Build.0 = Debug|Any CPU
		{B5E0D6A1-7C44-4A3B-9D2E-3F8A1C5B9E01}.Debug|x86.ActiveCfg = Debug|Any CPU
		{B5E0D6A1-7C44-4A3B-9D2E-3F8A1C5B9E01}.Debug|x86.Build.0 = Debug|Any CPU
		{B5E0D6A1-7C44-4A3B-9D2E-3F8A1C5B9E01}.Release|Any CPU.ActiveCfg = Release|Any CPU
		{B5E0D6A1-7C44-4A3B-9D2E-3F8A1C5B9E01}.Release|Any CPU.Build.0 = Release|Any CPU
		{B5E0D6A1-7C44-4A3B-9D2E-3F8A1C5B9E01}.Release|x64.ActiveCfg = Release|Any CPU
		{B5E0D6A1-7C44-4A3B-9D2E-3F8A1C5B9E01}.Release|x64.Build.0 = Release|Any CPU
		{B5E0D6A1-7C44-4A3B-9D2E-3F8A1C5B9E01}.Release|x86.ActiveCfg = Release|Any CPU
		{B5E0D6A1-7C44-4A3B-9D2E-3F8A1C5B9E01}.Release|x86.Build.0 = Release|Any CPU
		{B5E0D6A1-7C44-4A3B-9D2E-3F8A1C5B9E03}.Debug|Any CPU.ActiveCfg = Debug|Any CPU
		{B5E0D6A1-7C44-4A3B-9D2E-3F8A1C5B9E03}.Debug|Any CPU.Build.0 = Debug|Any CPU
		{B5E0D6A1-7C44-4A3B-9D2E-3F8A1C5B9E03}.Debug|x64.ActiveCfg = Debug|Any CPU
		{B5E0D6A1-7C44-4A3B-9D2E-3F8A1C5B9E03}.Debug|x64.Build.0 = Debug|Any CPU
		{B5E0D6A1-7C44-4A3B-9D2E-3F8A1C5B9E03}.Debug|x86.ActiveCfg = Debug|Any CPU
		{B5E0D6A1-7C44-4A3B-9D2E-3F8A1C5B9E03}.Debug|x86.Build.0 = Debug|Any CPU
		{B5E0D6A1-7C44-4A3B-9D2E-3F8A1C5B9E03}.Release|Any CPU.ActiveCfg = Release|Any CPU
		{B5E0D6A1-7C44-4A3B-9D2E-3F8A1C5B9E03}.Release|Any CPU.Build.0 = Release|Any CPU
		{B5E0D6A1-7C44-4A3B-9D2E-3F8A1C5B9E03}.Release|x64.ActiveCfg = Release|Any CPU
		{B5E0D6A1-7C44-4A3B-9D2E-3F8A1C5B9E03}.Release|x64.Build.0 = Release|Any CPU
		{B5E0D6A1-7C44-4A3B-9D2E-3F8A1C5B9E03}.Release|x86.ActiveCfg = Release|Any CPU
		{B5E0D6A1-7C44-4A3B-9D2E-3F8A1C5B9E03}.Release|x86.Build.0 = Release|Any CPU
		{37903F97-436B-4692-A8EA-23DA711462B3}.Debug|Any CPU.ActiveCfg = Debug|Any CPU
		{37903F97-436B-4692-A8EA-23DA711462B3}.Debug|Any CPU.Build.0 = Debug|Any CPU
		{37903F97-436B-4692-A8EA-23DA711462B3}.Debug|x64.ActiveCfg = Debug|Any CPU
		{37903F97-436B-4692-A8EA-23DA711462B3}.Debug|x64.Build.0 = Debug|Any CPU
		{37903F97-436B-4692-A8EA-23DA711462B3}.Debug|x86.ActiveCfg = Debug|Any CPU
		{37903F97-436B-4692-A8EA-23DA711462B3}.Debug|x86.Build.0 = Debug|Any CPU
		{37903F97-436B-4692-A8EA-23DA711462B3}.Release|Any CPU.ActiveCfg = Release|Any CPU
		{37903F97-436B-4692-A8EA-23DA711462B3}.Release|Any CPU.Build.0 = Release|Any CPU
		{37903F97-436B-4692-A8EA-23DA711462B3}.Release|x64.ActiveCfg = Release|Any CPU
		{37903F97-436B-4692-A8EA-23DA711462B3}.Release|x64.Build.0 = Release|Any CPU
		{37903F97-436B-4692-A8EA-23DA711462B3}.Release|x86.ActiveCfg = Release|Any CPU
		{37903F97-436B-4692-A8EA-23DA711462B3}.Release|x86.Build.0 = Release|Any CPU
		{E75C71E2-E0B8-449D-AB52-3995BDBA9FB3}.Debug|Any CPU.ActiveCfg = Debug|Any CPU
		{E75C71E2-E0B8-449D-AB52-3995BDBA9FB3}.Debug|Any CPU.Build.0 = Debug|Any CPU
		{E75C71E2-E0B8-449D-AB52-3995BDBA9FB3}.Debug|x64.ActiveCfg = Debug|Any CPU
		{E75C71E2-E0B8-449D-AB52-3995BDBA9FB3}.Debug|x64.Build.0 = Debug|Any CPU
		{E75C71E2-E0B8-449D-AB52-3995BDBA9FB3}.Debug|x86.ActiveCfg = Debug|Any CPU
		{E75C71E2-E0B8-449D-AB52-3995BDBA9FB3}.Debug|x86.Build.0 = Debug|Any CPU
		{E75C71E2-E0B8-449D-AB52-3995BDBA9FB3}.Release|Any CPU.ActiveCfg = Release|Any CPU
		{E75C71E2-E0B8-449D-AB52-3995BDBA9FB3}.Release|Any CPU.Build.0 = Release|Any CPU
		{E75C71E2-E0B8-449D-AB52-3995BDBA9FB3}.Release|x64.ActiveCfg = Release|Any CPU
		{E75C71E2-E0B8-449D-AB52-3995BDBA9FB3}.Release|x64.Build.0 = Release|Any CPU
		{E75C71E2-E0B8-449D-AB52-3995BDBA9FB3}.Release|x86.ActiveCfg = Release|Any CPU
		{E75C71E2-E0B8-449D-AB52-3995BDBA9FB3}.Release|x86.Build.0 = Release|Any CPU
		{7964567A-8E63-47F1-BC1C-1273AE673612}.Debug|Any CPU.ActiveCfg = Debug|Any CPU
		{7964567A-8E63-47F1-BC1C-1273AE673612}.Debug|Any CPU.Build.0 = Debug|Any CPU
		{7964567A-8E63-47F1-BC1C-1273AE673612}.Debug|x64.ActiveCfg = Debug|Any CPU
		{7964567A-8E63-47F1-BC1C-1273AE673612}.Debug|x64.Build.0 = Debug|Any CPU
		{7964567A-8E63-47F1-BC1C-1273AE673612}.Debug|x86.ActiveCfg = Debug|Any CPU
		{7964567A-8E63-47F1-BC1C-1273AE673612}.Debug|x86.Build.0 = Debug|Any CPU
		{7964567A-8E63-47F1-BC1C-1273AE673612}.Release|Any CPU.ActiveCfg = Release|Any CPU
		{7964567A-8E63-47F1-BC1C-1273AE673612}.Release|Any CPU.Build.0 = Release|Any CPU
		{7964567A-8E63-47F1-BC1C-1273AE673612}.Release|x64.ActiveCfg = Release|Any CPU
		{7964567A-8E63-47F1-BC1C-1273AE673612}.Release|x64.Build.0 = Release|Any CPU
		{7964567A-8E63-47F1-BC1C-1273AE673612}.Release|x86.ActiveCfg = Release|Any CPU
		{7964567A-8E63-47F1-BC1C-1273AE673612}.Release|x86.Build.0 = Release|Any CPU
		{AE472CEA-E8F4-45FC-A13B-6A52EDFAAFC1}.Debug|Any CPU.ActiveCfg = Debug|Any CPU
		{AE472CEA-E8F4-45FC-A13B-6A52EDFAAFC1}.Debug|Any CPU.Build.0 = Debug|Any CPU
		{AE472CEA-E8F4-45FC-A13B-6A52EDFAAFC1}.Debug|x64.ActiveCfg = Debug|Any CPU
		{AE472CEA-E8F4-45FC-A13B-6A52EDFAAFC1}.Debug|x64.Build.0 = Debug|Any CPU
		{AE472CEA-E8F4-45FC-A13B-6A52EDFAAFC1}.Debug|x86.ActiveCfg = Debug|Any CPU
		{AE472CEA-E8F4-45FC-A13B-6A52EDFAAFC1}.Debug|x86.Build.0 = Debug|Any CPU
		{AE472CEA-E8F4-45FC-A13B-6A52EDFAAFC1}.Release|Any CPU.ActiveCfg = Release|Any CPU
		{AE472CEA-E8F4-45FC-A13B-6A52EDFAAFC1}.Release|Any CPU.Build.0 = Release|Any CPU
		{AE472CEA-E8F4-45FC-A13B-6A52EDFAAFC1}.Release|x64.ActiveCfg = Release|Any CPU
		{AE472CEA-E8F4-45FC-A13B-6A52EDFAAFC1}.Release|x64.Build.0 = Release|Any CPU
		{AE472CEA-E8F4-45FC-A13B-6A52EDFAAFC1}.Release|x86.ActiveCfg = Release|Any CPU
		{AE472CEA-E8F4-45FC-A13B-6A52EDFAAFC1}.Release|x86.Build.0 = Release|Any CPU
		{8444A98F-9B9D-4D36-9A2F-1A11E899D57E}.Debug|Any CPU.ActiveCfg = Debug|Any CPU
		{8444A98F-9B9D-4D36-9A2F-1A11E899D57E}.Debug|Any CPU.Build.0 = Debug|Any CPU
		{8444A98F-9B9D-4D36-9A2F-1A11E899D57E}.Debug|x64.ActiveCfg = Debug|Any CPU
		{8444A98F-9B9D-4D36-9A2F-1A11E899D57E}.Debug|x64.Build.0 = Debug|Any CPU
		{8444A98F-9B9D-4D36-9A2F-1A11E899D57E}.Debug|x86.ActiveCfg = Debug|Any CPU
		{8444A98F-9B9D-4D36-9A2F-1A11E899D57E}.Debug|x86.Build.0 = Debug|Any CPU
		{8444A98F-9B9D-4D36-9A2F-1A11E899D57E}.Release|Any CPU.ActiveCfg = Release|Any CPU
		{8444A98F-9B9D-4D36-9A2F-1A11E899D57E}.Release|Any CPU.Build.0 = Release|Any CPU
		{8444A98F-9B9D-4D36-9A2F-1A11E899D57E}.Release|x64.ActiveCfg = Release|Any CPU
		{8444A98F-9B9D-4D36-9A2F-1A11E899D57E}.Release|x64.Build.0 = Release|Any CPU
		{8444A98F-9B9D-4D36-9A2F-1A11E899D57E}.Release|x86.ActiveCfg = Release|Any CPU
		{8444A98F-9B9D-4D36-9A2F-1A11E899D57E}.Release|x86.Build.0 = Release|Any CPU
	EndGlobalSection
	GlobalSection(SolutionProperties) = preSolution
		HideSolutionNode = FALSE
	EndGlobalSection
	GlobalSection(NestedProjects) = preSolution
		{37903F97-436B-4692-A8EA-23DA711462B3} = {827E0CD3-B72D-47B6-A68D-7590B98EB39B}
		{E75C71E2-E0B8-449D-AB52-3995BDBA9FB3} = {827E0CD3-B72D-47B6-A68D-7590B98EB39B}
		{7964567A-8E63-47F1-BC1C-1273AE673612} = {5D20AA90-6969-D8BD-9DCD-8634F4692FDA}
		{AE472CEA-E8F4-45FC-A13B-6A52EDFAAFC1} = {5D20AA90-6969-D8BD-9DCD-8634F4692FDA}
		{8444A98F-9B9D-4D36-9A2F-1A11E899D57E} = {0AB3BF05-4346-4AA6-1389-037BE0695223}
	EndGlobalSection
EndGlobal
